
Microsoft Visual Studio Solution File, Format Version 12.00
# Visual Studio Version 17
VisualStudioVersion = 17.7.34018.315
MinimumVisualStudioVersion = 10.0.40219.1
Project("{FAE04EC0-301F-11D3-BF4B-00C04F79EFBC}") = "BLL", "BLL\BLL.csproj", "{BC919B34-F1F8-4F8D-88C6-692C989A1EED}"
EndProject
Project("{FAE04EC0-301F-11D3-BF4B-00C04F79EFBC}") = "DAL", "DAL\DAL.csproj", "{A8FA5570-F478-4D98-A2F7-2E73B5F83048}"
EndProject
Project("{FAE04EC0-301F-11D3-BF4B-00C04F79EFBC}") = "Front", "Front\Front.csproj", "{98354990-66E3-4CEF-8605-C49280B48765}"
EndProject
Global
	GlobalSection(SolutionConfigurationPlatforms) = preSolution
		Debug|Any CPU = Debug|Any CPU
		Release|Any CPU = Release|Any CPU
	EndGlobalSection
	GlobalSection(ProjectConfigurationPlatforms) = postSolution
		{BC919B34-F1F8-4F8D-88C6-692C989A1EED}.Debug|Any CPU.ActiveCfg = Debug|Any CPU
		{BC919B34-F1F8-4F8D-88C6-692C989A1EED}.Debug|Any CPU.Build.0 = Debug|Any CPU
		{BC919B34-F1F8-4F8D-88C6-692C989A1EED}.Release|Any CPU.ActiveCfg = Release|Any CPU
		{BC919B34-F1F8-4F8D-88C6-692C989A1EED}.Release|Any CPU.Build.0 = Release|Any CPU
		{A8FA5570-F478-4D98-A2F7-2E73B5F83048}.Debug|Any CPU.ActiveCfg = Debug|Any CPU
		{A8FA5570-F478-4D98-A2F7-2E73B5F83048}.Debug|Any CPU.Build.0 = Debug|Any CPU
		{A8FA5570-F478-4D98-A2F7-2E73B5F83048}.Release|Any CPU.ActiveCfg = Release|Any CPU
		{A8FA5570-F478-4D98-A2F7-2E73B5F83048}.Release|Any CPU.Build.0 = Release|Any CPU
		{98354990-66E3-4CEF-8605-C49280B48765}.Debug|Any CPU.ActiveCfg = Debug|Any CPU
		{98354990-66E3-4CEF-8605-C49280B48765}.Debug|Any CPU.Build.0 = Debug|Any CPU
		{98354990-66E3-4CEF-8605-C49280B48765}.Release|Any CPU.ActiveCfg = Release|Any CPU
		{98354990-66E3-4CEF-8605-C49280B48765}.Release|Any CPU.Build.0 = Release|Any CPU
	EndGlobalSection
	GlobalSection(SolutionProperties) = preSolution
		HideSolutionNode = FALSE
	EndGlobalSection
	GlobalSection(ExtensibilityGlobals) = postSolution
		SolutionGuid = {56D63951-1581-4795-AF7D-8F123EE6288D}
	EndGlobalSection
EndGlobal
