
Microsoft Visual Studio Solution File, Format Version 12.00
# Visual Studio Version 17
VisualStudioVersion = 17.6.33829.357
MinimumVisualStudioVersion = 10.0.40219.1
Project("{9A19103F-16F7-4668-BE54-9A1E7A4F7556}") = "Basic", "basic\Basic.csproj", "{EFA713F9-475B-4D44-A20F-243EEF962516}"
EndProject
Project("{9A19103F-16F7-4668-BE54-9A1E7A4F7556}") = "Conditional Statements", "Basic 2\Conditional Statements.csproj", "{5A24790C-DCA4-423B-B13D-CB00FC1BE532}"
EndProject
Project("{9A19103F-16F7-4668-BE54-9A1E7A4F7556}") = "Loops", "Basic opgaver loops\Loops.csproj", "{199A1391-A9B6-4D74-9EA9-9BB131DB903E}"
EndProject
Project("{9A19103F-16F7-4668-BE54-9A1E7A4F7556}") = "TerningSpil", "TerningSpil\TerningSpil.csproj", "{D30823F0-35A7-4BF3-93B5-FA5E675D582C}"
EndProject
Project("{9A19103F-16F7-4668-BE54-9A1E7A4F7556}") = "Strings", "Strings\Strings.csproj", "{462294E7-31BE-434A-9076-D7AE824158F7}"
EndProject
Project("{9A19103F-16F7-4668-BE54-9A1E7A4F7556}") = "YatzySpil", "Yatzy spil\YatzySpil.csproj", "{50607A10-870D-4FDE-982D-E1C14AD5E37D}"
EndProject
Project("{2150E333-8FDC-42A3-9474-1A3956D46DE8}") = "Bank opgave", "Bank opgave", "{1E192186-2308-4332-A92E-E9DAB3214702}"
EndProject
Project("{9A19103F-16F7-4668-BE54-9A1E7A4F7556}") = "BLL", "BLL\BLL.csproj", "{0ED54542-A899-4311-9068-B98B9A1CCD59}"
EndProject
Project("{9A19103F-16F7-4668-BE54-9A1E7A4F7556}") = "DAL", "DAL\DAL.csproj", "{9AF2D971-5DE3-4C05-B0CE-4FFEA6B2695E}"
EndProject
Project("{9A19103F-16F7-4668-BE54-9A1E7A4F7556}") = "Front", "Front\Front.csproj", "{37BFC93F-8A66-4F79-9EF5-84C83FB42A25}"
EndProject
Global
	GlobalSection(SolutionConfigurationPlatforms) = preSolution
		Debug|Any CPU = Debug|Any CPU
		Release|Any CPU = Release|Any CPU
	EndGlobalSection
	GlobalSection(ProjectConfigurationPlatforms) = postSolution
		{EFA713F9-475B-4D44-A20F-243EEF962516}.Debug|Any CPU.ActiveCfg = Debug|Any CPU
		{EFA713F9-475B-4D44-A20F-243EEF962516}.Debug|Any CPU.Build.0 = Debug|Any CPU
		{EFA713F9-475B-4D44-A20F-243EEF962516}.Release|Any CPU.ActiveCfg = Release|Any CPU
		{EFA713F9-475B-4D44-A20F-243EEF962516}.Release|Any CPU.Build.0 = Release|Any CPU
		{5A24790C-DCA4-423B-B13D-CB00FC1BE532}.Debug|Any CPU.ActiveCfg = Debug|Any CPU
		{5A24790C-DCA4-423B-B13D-CB00FC1BE532}.Debug|Any CPU.Build.0 = Debug|Any CPU
		{5A24790C-DCA4-423B-B13D-CB00FC1BE532}.Release|Any CPU.ActiveCfg = Release|Any CPU
		{5A24790C-DCA4-423B-B13D-CB00FC1BE532}.Release|Any CPU.Build.0 = Release|Any CPU
		{199A1391-A9B6-4D74-9EA9-9BB131DB903E}.Debug|Any CPU.ActiveCfg = Debug|Any CPU
		{199A1391-A9B6-4D74-9EA9-9BB131DB903E}.Debug|Any CPU.Build.0 = Debug|Any CPU
		{199A1391-A9B6-4D74-9EA9-9BB131DB903E}.Release|Any CPU.ActiveCfg = Release|Any CPU
		{199A1391-A9B6-4D74-9EA9-9BB131DB903E}.Release|Any CPU.Build.0 = Release|Any CPU
		{D30823F0-35A7-4BF3-93B5-FA5E675D582C}.Debug|Any CPU.ActiveCfg = Debug|Any CPU
		{D30823F0-35A7-4BF3-93B5-FA5E675D582C}.Debug|Any CPU.Build.0 = Debug|Any CPU
		{D30823F0-35A7-4BF3-93B5-FA5E675D582C}.Release|Any CPU.ActiveCfg = Release|Any CPU
		{D30823F0-35A7-4BF3-93B5-FA5E675D582C}.Release|Any CPU.Build.0 = Release|Any CPU
		{462294E7-31BE-434A-9076-D7AE824158F7}.Debug|Any CPU.ActiveCfg = Debug|Any CPU
		{462294E7-31BE-434A-9076-D7AE824158F7}.Debug|Any CPU.Build.0 = Debug|Any CPU
		{462294E7-31BE-434A-9076-D7AE824158F7}.Release|Any CPU.ActiveCfg = Release|Any CPU
		{462294E7-31BE-434A-9076-D7AE824158F7}.Release|Any CPU.Build.0 = Release|Any CPU
		{50607A10-870D-4FDE-982D-E1C14AD5E37D}.Debug|Any CPU.ActiveCfg = Debug|Any CPU
		{50607A10-870D-4FDE-982D-E1C14AD5E37D}.Debug|Any CPU.Build.0 = Debug|Any CPU
		{50607A10-870D-4FDE-982D-E1C14AD5E37D}.Release|Any CPU.ActiveCfg = Release|Any CPU
		{50607A10-870D-4FDE-982D-E1C14AD5E37D}.Release|Any CPU.Build.0 = Release|Any CPU
		{0ED54542-A899-4311-9068-B98B9A1CCD59}.Debug|Any CPU.ActiveCfg = Debug|Any CPU
		{0ED54542-A899-4311-9068-B98B9A1CCD59}.Debug|Any CPU.Build.0 = Debug|Any CPU
		{0ED54542-A899-4311-9068-B98B9A1CCD59}.Release|Any CPU.ActiveCfg = Release|Any CPU
		{0ED54542-A899-4311-9068-B98B9A1CCD59}.Release|Any CPU.Build.0 = Release|Any CPU
		{9AF2D971-5DE3-4C05-B0CE-4FFEA6B2695E}.Debug|Any CPU.ActiveCfg = Debug|Any CPU
		{9AF2D971-5DE3-4C05-B0CE-4FFEA6B2695E}.Debug|Any CPU.Build.0 = Debug|Any CPU
		{9AF2D971-5DE3-4C05-B0CE-4FFEA6B2695E}.Release|Any CPU.ActiveCfg = Release|Any CPU
		{9AF2D971-5DE3-4C05-B0CE-4FFEA6B2695E}.Release|Any CPU.Build.0 = Release|Any CPU
		{37BFC93F-8A66-4F79-9EF5-84C83FB42A25}.Debug|Any CPU.ActiveCfg = Debug|Any CPU
		{37BFC93F-8A66-4F79-9EF5-84C83FB42A25}.Debug|Any CPU.Build.0 = Debug|Any CPU
		{37BFC93F-8A66-4F79-9EF5-84C83FB42A25}.Release|Any CPU.ActiveCfg = Release|Any CPU
		{37BFC93F-8A66-4F79-9EF5-84C83FB42A25}.Release|Any CPU.Build.0 = Release|Any CPU
	EndGlobalSection
	GlobalSection(SolutionProperties) = preSolution
		HideSolutionNode = FALSE
	EndGlobalSection
	GlobalSection(NestedProjects) = preSolution
		{0ED54542-A899-4311-9068-B98B9A1CCD59} = {1E192186-2308-4332-A92E-E9DAB3214702}
		{9AF2D971-5DE3-4C05-B0CE-4FFEA6B2695E} = {1E192186-2308-4332-A92E-E9DAB3214702}
		{37BFC93F-8A66-4F79-9EF5-84C83FB42A25} = {1E192186-2308-4332-A92E-E9DAB3214702}
	EndGlobalSection
	GlobalSection(ExtensibilityGlobals) = postSolution
		SolutionGuid = {CDAA017F-2B1E-420F-A18D-3E10ACECC246}
	EndGlobalSection
EndGlobal
